
Microsoft Visual Studio Solution File, Format Version 12.00
# Visual Studio 15
VisualStudioVersion = 15.0.27004.2010
MinimumVisualStudioVersion = 10.0.40219.1
Project("{9A19103F-16F7-4668-BE54-9A1E7A4F7556}") = "LogoFX.Client.Mvvm.ViewModelFactory.SimpleContainer", "LogoFX.Client.Mvvm.ViewModelFactory.SimpleContainer\LogoFX.Client.Mvvm.ViewModelFactory.SimpleContainer.csproj", "{2828C3C1-CD6D-4FB0-BFBF-BD2175089ECE}"
EndProject
Project("{9A19103F-16F7-4668-BE54-9A1E7A4F7556}") = "LogoFX.Client.Mvvm.ViewModelFactory.SimpleContainer.Tests", "LogoFX.Client.Mvvm.ViewModelFactory.SimpleContainer.Tests\LogoFX.Client.Mvvm.ViewModelFactory.SimpleContainer.Tests.csproj", "{3F18AF51-491E-42D6-9C92-E6F9F7B9BE2B}"
EndProject
Global
	GlobalSection(SolutionConfigurationPlatforms) = preSolution
		Debug|Any CPU = Debug|Any CPU
		Release|Any CPU = Release|Any CPU
	EndGlobalSection
	GlobalSection(ProjectConfigurationPlatforms) = postSolution
		{2828C3C1-CD6D-4FB0-BFBF-BD2175089ECE}.Debug|Any CPU.ActiveCfg = Debug|Any CPU
		{2828C3C1-CD6D-4FB0-BFBF-BD2175089ECE}.Debug|Any CPU.Build.0 = Debug|Any CPU
		{2828C3C1-CD6D-4FB0-BFBF-BD2175089ECE}.Release|Any CPU.ActiveCfg = Release|Any CPU
		{2828C3C1-CD6D-4FB0-BFBF-BD2175089ECE}.Release|Any CPU.Build.0 = Release|Any CPU
		{3F18AF51-491E-42D6-9C92-E6F9F7B9BE2B}.Debug|Any CPU.ActiveCfg = Debug|Any CPU
		{3F18AF51-491E-42D6-9C92-E6F9F7B9BE2B}.Debug|Any CPU.Build.0 = Debug|Any CPU
		{3F18AF51-491E-42D6-9C92-E6F9F7B9BE2B}.Release|Any CPU.ActiveCfg = Release|Any CPU
		{3F18AF51-491E-42D6-9C92-E6F9F7B9BE2B}.Release|Any CPU.Build.0 = Release|Any CPU
	EndGlobalSection
	GlobalSection(SolutionProperties) = preSolution
		HideSolutionNode = FALSE
	EndGlobalSection
	GlobalSection(ExtensibilityGlobals) = postSolution
		SolutionGuid = {D160D7B5-9BDE-40A7-BCF4-9B6A6E04A7A9}
	EndGlobalSection
EndGlobal
